github.com/pierrre/assert v0.15.4 h1:ONvKjzv5eqMqYIeLZw9oFoR9kV6vCzpzdCNQB/mPlQo=
github.com/pierrre/assert v0.15.4/go.mod h1:VPnk0AgSPWHIuBNb21kn4tjrNJCEr1UdXXPFKxkPdnE=
github.com/pierrre/go-libs v0.34.7 h1:EeKx7Mgw2L1MHb8WvnmzYAoVAbOziBBDKgscFuQhVxQ=
github.com/pierrre/go-libs v0.34.7/go.mod h1:GnC/s6/DXxFv2DGoRG+YXA/H57zTJmQoWWyM1nmsQ54=
github.com/pierrre/pretty v0.26.4 h1:T28vHoW+6dpt6w0bIkpDpMdhosR9NPaOi2x/xCBnAzg=
github.com/pierrre/pretty v0.26.4/go.mod h1:+A/ZvzjmDkWGBHE+8QvAvHj25XcEFEkBevWkqdCAvVk=
