github.com/pierrre/assert v0.5.1 h1:PiQqK2ThUiSq20KDhtZGIZi/vFz3WpSA9lSp+iGAcA4=
github.com/pierrre/assert v0.5.1/go.mod h1:1uWVyCvn9OPlkZi83fqhxK6yGqGpcULKavA0Dia7Apg=
github.com/pierrre/go-libs v0.7.4 h1:RA9ignEtBObZwyZtlfSYXYEBUGUTDcO1+g1+AprRYew=
github.com/pierrre/go-libs v0.7.4/go.mod h1:3k/P5VVOMkg0G7tWFYYs/qs3oqP8ry6ZG8eppy2yj5A=
github.com/pierrre/pretty v0.3.7 h1:1c1pcdf14rP4UO96vnmofjSTszJhUbCCS/lBbhvwgPA=
github.com/pierrre/pretty v0.3.7/go.mod h1:R8K3G0LJ9BHAwTtNyzsqHD+iKF26UZ3dz1VibFFxIV8=
