github.com/pierrre/assert v0.5.0 h1:l5XuybndelAlp+FfH5Uy6wVJybcCpbU3GnwYcur+4Mo=
github.com/pierrre/assert v0.5.0/go.mod h1:a2kNx38ErwdJHGEi8a9aFDTImkoO5W/mfix2Es/Zcp0=
github.com/pierrre/go-libs v0.7.0 h1:uaHiD66VBLb0jF1PaWGVLKBHdRhkw0KsM5pmlUK+CO8=
github.com/pierrre/go-libs v0.7.0/go.mod h1:0g8JPnx0MUreex2DGohGhUGrmLu8u87bD5drSMfEOP0=
github.com/pierrre/pretty v0.3.3 h1:49+fv1OKk+QN+tEDcAxDQtowKXvxGWknb8f2ovcqG3o=
github.com/pierrre/pretty v0.3.3/go.mod h1:aLOcCvVbTJfJaNH6jGZLjZxRnCYlsAzkXqsvvg6ctiA=
